
Microsoft Visual Studio Solution File, Format Version 12.00
# Visual Studio Version 17
VisualStudioVersion = 17.1.32210.238
MinimumVisualStudioVersion = 10.0.40219.1
Project("{FAE04EC0-301F-11D3-BF4B-00C04F79EFBC}") = "SpiderManTextureTool", "SpiderManTextureTool\SpiderManTextureTool.csproj", "{398FC44F-570D-4C95-9E39-5ED3D0619AA5}"
EndProject
Global
	GlobalSection(SolutionConfigurationPlatforms) = preSolution
		Debug|Any CPU = Debug|Any CPU
		Release|Any CPU = Release|Any CPU
	EndGlobalSection
	GlobalSection(ProjectConfigurationPlatforms) = postSolution
		{398FC44F-570D-4C95-9E39-5ED3D0619AA5}.Debug|Any CPU.ActiveCfg = Debug|Any CPU
		{398FC44F-570D-4C95-9E39-5ED3D0619AA5}.Debug|Any CPU.Build.0 = Debug|Any CPU
		{398FC44F-570D-4C95-9E39-5ED3D0619AA5}.Release|Any CPU.ActiveCfg = Release|Any CPU
		{398FC44F-570D-4C95-9E39-5ED3D0619AA5}.Release|Any CPU.Build.0 = Release|Any CPU
	EndGlobalSection
	GlobalSection(SolutionProperties) = preSolution
		HideSolutionNode = FALSE
	EndGlobalSection
	GlobalSection(ExtensibilityGlobals) = postSolution
		SolutionGuid = {BEE58D89-4421-4A9D-95EC-B2B9EC186CEE}
	EndGlobalSection
EndGlobal
